<?xml version="1.0" encoding="utf-8"?>
<Project ToolsVersion="4.0" xmlns="http://schemas.microsoft.com/developer/msbuild/2003">
  <ItemGroup>
    <Filter Include="Source Files">
      <UniqueIdentifier>{4FC737F1-C7A5-4376-A066-2A32D752A2FF}</UniqueIdentifier>
      <Extensions>cpp;cxx;c;def</Extensions>
    </Filter>
    <Filter Include="Header Files">
      <UniqueIdentifier>{93995380-89BD-4b04-88EB-625FBE52EBFB}</UniqueIdentifier>
      <Extensions>h</Extensions>
    </Filter>
    <Filter Include="Form Files">
      <UniqueIdentifier>{99349809-55BA-4b9d-BF79-8FDBB0286EB3}</UniqueIdentifier>
      <Extensions>ui</Extensions>
    </Filter>
    <Filter Include="Resource Files">
      <UniqueIdentifier>{D9D6E242-F8AF-46E4-B9FD-80ECBC20BA3E}</UniqueIdentifier>
      <Extensions>qrc;*</Extensions>
      <ParseFiles>false</ParseFiles>
    </Filter>
    <Filter Include="Generated Files">
      <UniqueIdentifier>{71ED8ED8-ACB9-4CE9-BBE1-E00B30144E11}</UniqueIdentifier>
      <Extensions>moc;h;cpp</Extensions>
      <SourceControlFiles>False</SourceControlFiles>
    </Filter>
    <Filter Include="Generated Files\Debug">
      <UniqueIdentifier>{0b777098-4754-4038-8f34-766939579fb2}</UniqueIdentifier>
      <Extensions>cpp;moc</Extensions>
      <SourceControlFiles>False</SourceControlFiles>
    </Filter>
    <Filter Include="Generated Files\Release">
      <UniqueIdentifier>{0c8ee923-f466-469b-92a3-f9b0937622d4}</UniqueIdentifier>
      <Extensions>cpp;moc</Extensions>
      <SourceControlFiles>False</SourceControlFiles>
    </Filter>
    <Filter Include="Header Files\Contexts">
      <UniqueIdentifier>{d4a823b0-11fe-4396-a329-46caa83589b1}</UniqueIdentifier>
    </Filter>
    <Filter Include="Source Files\Contexts">
      <UniqueIdentifier>{a59be3fb-d6bf-4a35-88a6-0d92f01b0d71}</UniqueIdentifier>
    </Filter>
    <Filter Include="Configuration Files">
      <UniqueIdentifier>{bb1d3882-ca3c-4e37-bd7b-4cbde2a2874a}</UniqueIdentifier>
    </Filter>
    <Filter Include="Header Files\Edges">
      <UniqueIdentifier>{0026c2b2-8fac-4485-ba36-e2224d9ee29e}</UniqueIdentifier>
    </Filter>
    <Filter Include="Header Files\Enums">
      <UniqueIdentifier>{fcdc4999-606c-4dbf-ad01-0c1141358e45}</UniqueIdentifier>
    </Filter>
    <Filter Include="Header Files\Widgets">
      <UniqueIdentifier>{c2b990e7-fd92-45d6-a10b-5ba2190d1e48}</UniqueIdentifier>
    </Filter>
    <Filter Include="Source Files\Widgets">
      <UniqueIdentifier>{180e52d7-a023-4fee-8d85-2168a5f884c1}</UniqueIdentifier>
    </Filter>
    <Filter Include="Source Files\Edges">
      <UniqueIdentifier>{b1713ee2-3da7-4713-a86c-1f250bc624ba}</UniqueIdentifier>
    </Filter>
    <Filter Include="Header Files\Dialogs">
      <UniqueIdentifier>{3ad17950-2ec0-4a64-82da-02690e42c175}</UniqueIdentifier>
    </Filter>
    <Filter Include="Source Files\Dialogs">
      <UniqueIdentifier>{c54c20c6-7331-41fd-b61c-dc707d549f2b}</UniqueIdentifier>
    </Filter>
    <Filter Include="Header Files\Graphs">
      <UniqueIdentifier>{0c3cefff-99a1-472b-9804-35f5a81adc3b}</UniqueIdentifier>
    </Filter>
    <Filter Include="Source Files\Graphs">
      <UniqueIdentifier>{d392c430-ffe4-4d09-bbd4-6828f35999a2}</UniqueIdentifier>
    </Filter>
    <Filter Include="Header Files\Tools">
      <UniqueIdentifier>{5c9dff3d-5bf7-4f6f-8f6f-bd7bf0f0c7b0}</UniqueIdentifier>
    </Filter>
    <Filter Include="Source Files\Tools">
      <UniqueIdentifier>{71542620-42b6-4cbd-8b89-20d0752f7914}</UniqueIdentifier>
    </Filter>
    <Filter Include="Header Files\TextItems">
      <UniqueIdentifier>{1f6fe75f-da1a-49e0-8899-e0ac117d1c67}</UniqueIdentifier>
    </Filter>
    <Filter Include="Header Files\Algorithms">
      <UniqueIdentifier>{bc381806-e452-41a4-ba29-15abf9c977b5}</UniqueIdentifier>
    </Filter>
    <Filter Include="Source Files\Algorithms">
      <UniqueIdentifier>{265f28ab-1916-497b-aa75-7e81b3e13c8f}</UniqueIdentifier>
    </Filter>
    <Filter Include="Header Files\Algorithms\States">
      <UniqueIdentifier>{9fa91453-4cb0-49e5-8863-8a0036c4222b}</UniqueIdentifier>
    </Filter>
    <Filter Include="Source Files\Serialization">
      <UniqueIdentifier>{0ac192da-5492-4992-9778-41bee2eaab04}</UniqueIdentifier>
    </Filter>
    <Filter Include="Header Files\Utils">
      <UniqueIdentifier>{f5980365-92e6-4427-a5d9-61f4c383a8a2}</UniqueIdentifier>
    </Filter>
  </ItemGroup>
  <ItemGroup>
    <ClCompile Include="main.cpp">
      <Filter>Source Files</Filter>
    </ClCompile>
    <ClCompile Include="GeneratedFiles\Debug\moc_mainwindow.cpp">
      <Filter>Generated Files\Debug</Filter>
    </ClCompile>
    <ClCompile Include="GeneratedFiles\Release\moc_mainwindow.cpp">
      <Filter>Generated Files\Release</Filter>
    </ClCompile>
    <ClCompile Include="GeneratedFiles\qrc_mainwindow.cpp">
      <Filter>Generated Files</Filter>
    </ClCompile>
    <ClCompile Include="GeneratedFiles\Debug\moc_GraphShapeDialog.cpp">
      <Filter>Generated Files\Debug</Filter>
    </ClCompile>
    <ClCompile Include="GeneratedFiles\Release\moc_GraphShapeDialog.cpp">
      <Filter>Generated Files\Release</Filter>
    </ClCompile>
    <ClCompile Include="GeneratedFiles\Debug\moc_GraphView.cpp">
      <Filter>Generated Files\Debug</Filter>
    </ClCompile>
    <ClCompile Include="GeneratedFiles\Release\moc_GraphView.cpp">
      <Filter>Generated Files\Release</Filter>
    </ClCompile>
    <ClCompile Include="Config.cpp">
      <Filter>Source Files</Filter>
    </ClCompile>
    <ClCompile Include="Matrix.cpp">
      <Filter>Source Files</Filter>
    </ClCompile>
    <ClCompile Include="Edge.cpp">
      <Filter>Source Files\Edges</Filter>
    </ClCompile>
    <ClCompile Include="EdgeImage.cpp">
      <Filter>Source Files\Edges</Filter>
    </ClCompile>
    <ClCompile Include="StraightEdgeImage.cpp">
      <Filter>Source Files\Edges</Filter>
    </ClCompile>
    <ClCompile Include="VertexImage.cpp">
      <Filter>Source Files</Filter>
    </ClCompile>
    <ClCompile Include="Vertex.cpp">
      <Filter>Source Files</Filter>
    </ClCompile>
    <ClCompile Include="VertexContext.cpp">
      <Filter>Source Files\Contexts</Filter>
    </ClCompile>
    <ClCompile Include="LoopEdgeImage.cpp">
      <Filter>Source Files\Edges</Filter>
    </ClCompile>
    <ClCompile Include="EdgeContext.cpp">
      <Filter>Source Files\Contexts</Filter>
    </ClCompile>
    <ClCompile Include="ArrowHeadImage.cpp">
      <Filter>Source Files</Filter>
    </ClCompile>
    <ClCompile Include="GraphScrollBar.cpp">
      <Filter>Source Files\Widgets</Filter>
    </ClCompile>
    <ClCompile Include="GraphView.cpp">
      <Filter>Source Files\Widgets</Filter>
    </ClCompile>
    <ClCompile Include="TextItem.cpp">
      <Filter>Source Files\Widgets</Filter>
    </ClCompile>
    <ClCompile Include="GeneratedFiles\Debug\moc_GraphTabWidget.cpp">
      <Filter>Generated Files\Debug</Filter>
    </ClCompile>
    <ClCompile Include="GeneratedFiles\Release\moc_GraphTabWidget.cpp">
      <Filter>Generated Files\Release</Filter>
    </ClCompile>
    <ClCompile Include="GraphTabWidget.cpp">
      <Filter>Source Files\Widgets</Filter>
    </ClCompile>
    <ClCompile Include="GeneratedFiles\Debug\moc_CreateNewGraphDialog.cpp">
      <Filter>Generated Files\Debug</Filter>
    </ClCompile>
    <ClCompile Include="GeneratedFiles\Release\moc_CreateNewGraphDialog.cpp">
      <Filter>Generated Files\Release</Filter>
    </ClCompile>
    <ClCompile Include="GeneratedFiles\Debug\moc_AddWeightToEdgeDialog.cpp">
      <Filter>Generated Files\Debug</Filter>
    </ClCompile>
    <ClCompile Include="GeneratedFiles\Release\moc_AddWeightToEdgeDialog.cpp">
      <Filter>Generated Files\Release</Filter>
    </ClCompile>
    <ClCompile Include="GraphConfig.cpp">
      <Filter>Source Files</Filter>
    </ClCompile>
    <ClCompile Include="AddWeightToEdgeDialog.cpp">
      <Filter>Source Files\Dialogs</Filter>
    </ClCompile>
    <ClCompile Include="CreateNewGraphDialog.cpp">
      <Filter>Source Files\Dialogs</Filter>
    </ClCompile>
    <ClCompile Include="GraphShapeDialog.cpp">
      <Filter>Source Files\Dialogs</Filter>
    </ClCompile>
    <ClCompile Include="DirectedGraphImage.cpp">
      <Filter>Source Files\Graphs</Filter>
    </ClCompile>
    <ClCompile Include="UndirectedGraphImage.cpp">
      <Filter>Source Files\Graphs</Filter>
    </ClCompile>
    <ClCompile Include="Graph.cpp">
      <Filter>Source Files\Graphs</Filter>
    </ClCompile>
    <ClCompile Include="GraphImage.cpp">
      <Filter>Source Files\Graphs</Filter>
    </ClCompile>
    <ClCompile Include="BezierEdgeImage.cpp">
      <Filter>Source Files\Edges</Filter>
    </ClCompile>
    <ClCompile Include="mainwindow.cpp">
      <Filter>Source Files</Filter>
    </ClCompile>
    <ClCompile Include="GeneratedFiles\Debug\moc_EdgeImage.cpp">
      <Filter>Generated Files\Debug</Filter>
    </ClCompile>
    <ClCompile Include="GeneratedFiles\Release\moc_EdgeImage.cpp">
      <Filter>Generated Files\Release</Filter>
    </ClCompile>
    <ClCompile Include="GeneratedFiles\Debug\moc_GraphImage.cpp">
      <Filter>Generated Files\Debug</Filter>
    </ClCompile>
    <ClCompile Include="GeneratedFiles\Release\moc_GraphImage.cpp">
      <Filter>Generated Files\Release</Filter>
    </ClCompile>
    <ClCompile Include="GeneratedFiles\Debug\moc_TextItem.cpp">
      <Filter>Generated Files\Debug</Filter>
    </ClCompile>
    <ClCompile Include="GeneratedFiles\Release\moc_TextItem.cpp">
      <Filter>Generated Files\Release</Filter>
    </ClCompile>
    <ClCompile Include="GraphScene.cpp">
      <Filter>Source Files</Filter>
    </ClCompile>
    <ClCompile Include="Singleton.cpp">
      <Filter>Source Files</Filter>
    </ClCompile>
    <ClCompile Include="VertexAddTool.cpp">
      <Filter>Source Files\Tools</Filter>
    </ClCompile>
    <ClCompile Include="EdgeAddTool.cpp">
      <Filter>Source Files\Tools</Filter>
    </ClCompile>
    <ClCompile Include="Tool.cpp">
      <Filter>Source Files\Tools</Filter>
    </ClCompile>
    <ClCompile Include="RemoveTool.cpp">
      <Filter>Source Files\Tools</Filter>
    </ClCompile>
    <ClCompile Include="AlgorithmInfo.cpp">
      <Filter>Source Files\Algorithms</Filter>
    </ClCompile>
    <ClCompile Include="FlowNetworkAlgorithmState.cpp">
      <Filter>Source Files\Algorithms</Filter>
    </ClCompile>
    <ClCompile Include="FordFulkersonAlgorithm.cpp">
      <Filter>Source Files\Algorithms</Filter>
    </ClCompile>
    <ClCompile Include="FlowNetworkAlgorithmWindow.cpp">
      <Filter>Source Files</Filter>
    </ClCompile>
    <ClCompile Include="GraphSerializer.cpp">
      <Filter>Source Files\Serialization</Filter>
    </ClCompile>
    <ClCompile Include="DirectedGraphAlgorithmState.cpp">
      <Filter>Source Files\Algorithms</Filter>
    </ClCompile>
    <ClCompile Include="EdgeTextItem.cpp">
      <Filter>Source Files\Widgets</Filter>
    </ClCompile>
    <ClCompile Include="PointTool.cpp">
      <Filter>Source Files\Tools</Filter>
    </ClCompile>
    <ClCompile Include="PointImage.cpp">
      <Filter>Source Files</Filter>
    </ClCompile>
    <ClCompile Include="MyMath.cpp">
      <Filter>Source Files</Filter>
    </ClCompile>
    <ClCompile Include="CheckInfo.cpp">
      <Filter>Source Files</Filter>
    </ClCompile>
    <ClCompile Include="Strings.cpp">
      <Filter>Source Files</Filter>
    </ClCompile>
    <ClCompile Include="FlowNetwork.cpp">
      <Filter>Source Files\Graphs</Filter>
    </ClCompile>
    <ClCompile Include="AlgorithmProgressInfo.cpp">
      <Filter>Source Files</Filter>
    </ClCompile>
    <ClCompile Include="GeneratedFiles\Debug\moc_FlowNetworkAlgorithmWindow.cpp">
      <Filter>Generated Files\Debug</Filter>
    </ClCompile>
    <ClCompile Include="GeneratedFiles\Release\moc_FlowNetworkAlgorithmWindow.cpp">
      <Filter>Generated Files\Release</Filter>
    </ClCompile>
    <ClCompile Include="GeneratedFiles\Debug\moc_FlowNetworkAlgorithm.cpp">
      <Filter>Generated Files\Debug</Filter>
    </ClCompile>
    <ClCompile Include="GeneratedFiles\Release\moc_FlowNetworkAlgorithm.cpp">
      <Filter>Generated Files\Release</Filter>
    </ClCompile>
    <ClCompile Include="ZoomTool.cpp">
      <Filter>Source Files</Filter>
    </ClCompile>
    <ClCompile Include="FlowNetworkAlgorithm.cpp">
      <Filter>Source Files\Algorithms</Filter>
    </ClCompile>
    <ClCompile Include="DinicAlgorithm.cpp">
      <Filter>Source Files</Filter>
    </ClCompile>
  </ItemGroup>
  <ItemGroup>
    <CustomBuild Include="mainwindow.ui">
      <Filter>Form Files</Filter>
    </CustomBuild>
    <CustomBuild Include="mainwindow.qrc">
      <Filter>Resource Files</Filter>
    </CustomBuild>
    <CustomBuild Include="GeneratedFiles\ui_mainwindow.h">
      <Filter>Generated Files</Filter>
    </CustomBuild>
    <CustomBuild Include="GraphShapeDialog.ui">
      <Filter>Form Files</Filter>
    </CustomBuild>
    <CustomBuild Include="GeneratedFiles\ui_GraphShapeDialog.h">
      <Filter>Generated Files</Filter>
    </CustomBuild>
    <CustomBuild Include="Config.h">
      <Filter>Header Files</Filter>
    </CustomBuild>
    <CustomBuild Include="Edge.h">
      <Filter>Header Files\Edges</Filter>
    </CustomBuild>
    <CustomBuild Include="EdgeImage.h">
      <Filter>Header Files\Edges</Filter>
    </CustomBuild>
    <CustomBuild Include="Matrix.h">
      <Filter>Header Files</Filter>
    </CustomBuild>
    <CustomBuild Include="Vertex.h">
      <Filter>Header Files</Filter>
    </CustomBuild>
    <CustomBuild Include="VertexContext.h">
      <Filter>Header Files\Contexts</Filter>
    </CustomBuild>
    <CustomBuild Include="Config\config.cfg">
      <Filter>Configuration Files</Filter>
    </CustomBuild>
    <CustomBuild Include="StraightEdgeImage.h">
      <Filter>Header Files\Edges</Filter>
    </CustomBuild>
    <CustomBuild Include="LoopEdgeImage.h">
      <Filter>Header Files\Edges</Filter>
    </CustomBuild>
    <CustomBuild Include="Tools.h">
      <Filter>Header Files\Enums</Filter>
    </CustomBuild>
    <CustomBuild Include="Labels.h">
      <Filter>Header Files\Enums</Filter>
    </CustomBuild>
    <CustomBuild Include="EdgeContext.h">
      <Filter>Header Files\Contexts</Filter>
    </CustomBuild>
    <CustomBuild Include="ArrowHeadImage.h">
      <Filter>Header Files</Filter>
    </CustomBuild>
    <CustomBuild Include="resource.h">
      <Filter>Header Files</Filter>
    </CustomBuild>
    <CustomBuild Include="Typedefs.h">
      <Filter>Header Files</Filter>
    </CustomBuild>
    <CustomBuild Include="GraphScrollBar.h">
      <Filter>Header Files\Widgets</Filter>
    </CustomBuild>
    <CustomBuild Include="GraphView.h">
      <Filter>Header Files\Widgets</Filter>
    </CustomBuild>
    <CustomBuild Include="GraphTabWidget.h">
      <Filter>Header Files\Widgets</Filter>
    </CustomBuild>
    <CustomBuild Include="CreateNewGraphDialog.ui">
      <Filter>Form Files</Filter>
    </CustomBuild>
    <CustomBuild Include="GeneratedFiles\ui_CreateNewGraphDialog.h">
      <Filter>Generated Files</Filter>
    </CustomBuild>
    <CustomBuild Include="AddWeightToEdgeDialog.ui">
      <Filter>Form Files</Filter>
    </CustomBuild>
    <CustomBuild Include="GeneratedFiles\ui_AddWeightToEdgeDialog.h">
      <Filter>Generated Files</Filter>
    </CustomBuild>
    <CustomBuild Include="VertexImage.h">
      <Filter>Header Files</Filter>
    </CustomBuild>
    <CustomBuild Include="AddWeightToEdgeDialog.h">
      <Filter>Header Files\Dialogs</Filter>
    </CustomBuild>
    <CustomBuild Include="CreateNewGraphDialog.h">
      <Filter>Header Files\Dialogs</Filter>
    </CustomBuild>
    <CustomBuild Include="GraphShapeDialog.h">
      <Filter>Header Files\Dialogs</Filter>
    </CustomBuild>
    <CustomBuild Include="DirectedGraphImage.h">
      <Filter>Header Files\Graphs</Filter>
    </CustomBuild>
    <CustomBuild Include="Graph.h">
      <Filter>Header Files\Graphs</Filter>
    </CustomBuild>
    <CustomBuild Include="UndirectedGraphImage.h">
      <Filter>Header Files\Graphs</Filter>
    </CustomBuild>
    <CustomBuild Include="GraphImage.h">
      <Filter>Header Files\Graphs</Filter>
    </CustomBuild>
    <CustomBuild Include="GraphConfig.h">
      <Filter>Header Files</Filter>
    </CustomBuild>
    <CustomBuild Include="PointImage.h">
      <Filter>Header Files</Filter>
    </CustomBuild>
    <CustomBuild Include="VertexBuilder.h">
      <Filter>Header Files</Filter>
    </CustomBuild>
    <CustomBuild Include="BezierEdgeImage.h">
      <Filter>Header Files\Edges</Filter>
    </CustomBuild>
    <CustomBuild Include="Consts.h">
      <Filter>Header Files</Filter>
    </CustomBuild>
    <CustomBuild Include="GraphSerializer.h">
      <Filter>Header Files</Filter>
    </CustomBuild>
    <CustomBuild Include="Edges.h">
      <Filter>Header Files\Enums</Filter>
    </CustomBuild>
    <CustomBuild Include="GraphScene.h">
      <Filter>Header Files</Filter>
    </CustomBuild>
    <CustomBuild Include="TextItem.h">
      <Filter>Header Files\TextItems</Filter>
    </CustomBuild>
    <CustomBuild Include="mainwindow.h">
      <Filter>Header Files</Filter>
    </CustomBuild>
    <CustomBuild Include="FlowNetworkAlgorithmWindow.ui">
      <Filter>Form Files</Filter>
    </CustomBuild>
    <CustomBuild Include="FlowNetworkAlgorithmWindow.h">
      <Filter>Header Files</Filter>
    </CustomBuild>
    <CustomBuild Include="Singleton.h">
      <Filter>Header Files</Filter>
    </CustomBuild>
    <CustomBuild Include="EdgeAddTool.h">
      <Filter>Header Files\Tools</Filter>
    </CustomBuild>
    <CustomBuild Include="PointTool.h">
      <Filter>Header Files\Tools</Filter>
    </CustomBuild>
    <CustomBuild Include="RemoveTool.h">
      <Filter>Header Files\Tools</Filter>
    </CustomBuild>
    <CustomBuild Include="Tool.h">
      <Filter>Header Files\Tools</Filter>
    </CustomBuild>
    <CustomBuild Include="VertexAddTool.h">
      <Filter>Header Files\Tools</Filter>
    </CustomBuild>
    <CustomBuild Include="FlowNetworkAlgorithmState.h">
      <Filter>Header Files\Algorithms\States</Filter>
    </CustomBuild>
    <CustomBuild Include="IAlgorithm.h">
      <Filter>Header Files\Algorithms</Filter>
    </CustomBuild>
    <CustomBuild Include="FordFulkersonAlgorithm.h">
      <Filter>Header Files\Algorithms</Filter>
    </CustomBuild>
    <CustomBuild Include="AlgorithmState.h">
      <Filter>Header Files\Algorithms\States</Filter>
    </CustomBuild>
    <CustomBuild Include="GeneratedFiles\ui_FlowNetworkAlgorithmWindow.h">
      <Filter>Generated Files</Filter>
    </CustomBuild>
    <CustomBuild Include="FlowNetworkAlgorithm.h">
      <Filter>Header Files\Algorithms</Filter>
    </CustomBuild>
    <CustomBuild Include="FlowNetwork.h">
      <Filter>Header Files\Graphs</Filter>
    </CustomBuild>
    <CustomBuild Include="AWeightedStrategyBase.h">
      <Filter>Header Files\Graphs</Filter>
    </CustomBuild>
    <CustomBuild Include="UnweightedEdgeStrategy.h">
      <Filter>Header Files\Graphs</Filter>
    </CustomBuild>
    <CustomBuild Include="WeightedEdgeStrategy.h">
      <Filter>Header Files\Graphs</Filter>
    </CustomBuild>
    <CustomBuild Include="DirectedGraphAlgorithmState.h">
      <Filter>Header Files\Algorithms\States</Filter>
    </CustomBuild>
    <CustomBuild Include="MyMath.h">
      <Filter>Header Files\Utils</Filter>
    </CustomBuild>
    <CustomBuild Include="CheckInfo.h">
      <Filter>Header Files</Filter>
    </CustomBuild>
    <CustomBuild Include="AlgorithmProgressInfo.h">
      <Filter>Header Files</Filter>
    </CustomBuild>
    <CustomBuild Include="Strings.h">
      <Filter>Header Files\Utils</Filter>
    </CustomBuild>
    <CustomBuild Include="AlgorithmInfo.h">
      <Filter>Header Files\Algorithms</Filter>
    </CustomBuild>
    <CustomBuild Include="EdgeTextItem.h">
      <Filter>Header Files\TextItems</Filter>
    </CustomBuild>
    <CustomBuild Include="ZoomTool.h">
      <Filter>Header Files\Tools</Filter>
    </CustomBuild>
  </ItemGroup>
  <ItemGroup>
    <ResourceCompile Include="MainWindow.rc" />
  </ItemGroup>
  <ItemGroup>
    <ClInclude Include="DinicAlgorithm.h">
      <Filter>Header Files</Filter>
    </ClInclude>
  </ItemGroup>
</Project>